<?xml version="1.0" encoding="utf-8"?>
<Project ToolsVersion="17.0" xmlns="http://schemas.microsoft.com/developer/msbuild/2003">
  <ItemGroup>
    <ClCompile Include="F:\Workspace\Git\advent-of-code\test\2023\main.cpp">
      <Filter>Source Files</Filter>
    </ClCompile>
    <ClCompile Include="F:\Workspace\Git\advent-of-code\test\2023\Day01PuzzleTests.cpp">
      <Filter>Source Files</Filter>
    </ClCompile>
    <ClCompile Include="F:\Workspace\Git\advent-of-code\test\2023\Day02PuzzleTests.cpp">
      <Filter>Source Files</Filter>
    </ClCompile>
    <ClCompile Include="F:\Workspace\Git\advent-of-code\test\2023\Day03PuzzleTests.cpp">
      <Filter>Source Files</Filter>
    </ClCompile>
    <ClCompile Include="F:\Workspace\Git\advent-of-code\test\2023\Day04PuzzleTests.cpp">
      <Filter>Source Files</Filter>
    </ClCompile>
    <ClCompile Include="F:\Workspace\Git\advent-of-code\test\2023\Day05PuzzleTests.cpp">
      <Filter>Source Files</Filter>
    </ClCompile>
    <ClCompile Include="F:\Workspace\Git\advent-of-code\test\2023\Day06PuzzleTests.cpp">
      <Filter>Source Files</Filter>
    </ClCompile>
    <ClCompile Include="F:\Workspace\Git\advent-of-code\test\2023\Day07PuzzleTests.cpp">
      <Filter>Source Files</Filter>
    </ClCompile>
    <ClCompile Include="F:\Workspace\Git\advent-of-code\test\2023\Day08PuzzleTests.cpp">
      <Filter>Source Files</Filter>
    </ClCompile>
    <ClCompile Include="F:\Workspace\Git\advent-of-code\test\2023\Day09PuzzleTests.cpp">
      <Filter>Source Files</Filter>
    </ClCompile>
    <ClCompile Include="F:\Workspace\Git\advent-of-code\test\2023\Day10PuzzleTests.cpp">
      <Filter>Source Files</Filter>
    </ClCompile>
    <ClCompile Include="F:\Workspace\Git\advent-of-code\test\2023\Day11PuzzleTests.cpp">
      <Filter>Source Files</Filter>
    </ClCompile>
    <ClCompile Include="F:\Workspace\Git\advent-of-code\test\2023\Day12PuzzleTests.cpp">
      <Filter>Source Files</Filter>
    </ClCompile>
    <ClCompile Include="F:\Workspace\Git\advent-of-code\test\2023\Day13PuzzleTests.cpp">
      <Filter>Source Files</Filter>
    </ClCompile>
    <ClCompile Include="F:\Workspace\Git\advent-of-code\test\2023\Day14PuzzleTests.cpp">
      <Filter>Source Files</Filter>
    </ClCompile>
    <ClCompile Include="F:\Workspace\Git\advent-of-code\test\2023\Day15PuzzleTests.cpp">
      <Filter>Source Files</Filter>
    </ClCompile>
    <ClCompile Include="F:\Workspace\Git\advent-of-code\test\2023\Day16PuzzleTests.cpp">
      <Filter>Source Files</Filter>
    </ClCompile>
    <ClCompile Include="F:\Workspace\Git\advent-of-code\test\2023\Day17PuzzleTests.cpp">
      <Filter>Source Files</Filter>
    </ClCompile>
    <ClCompile Include="F:\Workspace\Git\advent-of-code\test\2023\Day18PuzzleTests.cpp">
      <Filter>Source Files</Filter>
    </ClCompile>
    <ClCompile Include="F:\Workspace\Git\advent-of-code\test\2023\Day19PuzzleTests.cpp">
      <Filter>Source Files</Filter>
    </ClCompile>
    <ClCompile Include="F:\Workspace\Git\advent-of-code\test\2023\Day20PuzzleTests.cpp">
      <Filter>Source Files</Filter>
    </ClCompile>
    <ClCompile Include="F:\Workspace\Git\advent-of-code\test\2023\Day21PuzzleTests.cpp">
      <Filter>Source Files</Filter>
    </ClCompile>
    <ClCompile Include="F:\Workspace\Git\advent-of-code\test\2023\Day22PuzzleTests.cpp">
      <Filter>Source Files</Filter>
    </ClCompile>
    <ClCompile Include="F:\Workspace\Git\advent-of-code\test\2023\Day23PuzzleTests.cpp">
      <Filter>Source Files</Filter>
    </ClCompile>
    <ClCompile Include="F:\Workspace\Git\advent-of-code\test\2023\Day24PuzzleTests.cpp">
      <Filter>Source Files</Filter>
    </ClCompile>
    <ClCompile Include="F:\Workspace\Git\advent-of-code\test\2023\Day25PuzzleTests.cpp">
      <Filter>Source Files</Filter>
    </ClCompile>
  </ItemGroup>
  <ItemGroup>
    <CustomBuild Include="F:\Workspace\Git\advent-of-code\test\2023\CMakeLists.txt" />
  </ItemGroup>
  <ItemGroup>
    <Filter Include="Source Files">
      <UniqueIdentifier>{DBF8E259-7253-3B3A-9866-2282AB596320}</UniqueIdentifier>
    </Filter>
  </ItemGroup>
</Project>
