<?xml version="1.0" encoding="utf-8"?>
<Project ToolsVersion="17.0" xmlns="http://schemas.microsoft.com/developer/msbuild/2003">
  <ItemGroup>
    <ClCompile Include="F:\Workspace\Git\advent-of-code\lib\core\src\Clock.cpp">
      <Filter>Source Files</Filter>
    </ClCompile>
    <ClCompile Include="F:\Workspace\Git\advent-of-code\lib\core\src\Json.cpp">
      <Filter>Source Files</Filter>
    </ClCompile>
    <ClCompile Include="F:\Workspace\Git\advent-of-code\lib\core\src\MD5.cpp">
      <Filter>Source Files</Filter>
    </ClCompile>
    <ClCompile Include="F:\Workspace\Git\advent-of-code\lib\core\src\Mat4x4.cpp">
      <Filter>Source Files</Filter>
    </ClCompile>
    <ClCompile Include="F:\Workspace\Git\advent-of-code\lib\core\src\Pathfinding.cpp">
      <Filter>Source Files</Filter>
    </ClCompile>
    <ClCompile Include="F:\Workspace\Git\advent-of-code\lib\core\src\PuzzleBase.cpp">
      <Filter>Source Files</Filter>
    </ClCompile>
    <ClCompile Include="F:\Workspace\Git\advent-of-code\lib\core\src\PuzzleConstructor.cpp">
      <Filter>Source Files</Filter>
    </ClCompile>
    <ClCompile Include="F:\Workspace\Git\advent-of-code\lib\core\src\StringExtensions.cpp">
      <Filter>Source Files</Filter>
    </ClCompile>
  </ItemGroup>
  <ItemGroup>
    <ClInclude Include="F:\Workspace\Git\advent-of-code\lib\core\include\Core\Clock.hpp">
      <Filter>Header Files</Filter>
    </ClInclude>
    <ClInclude Include="F:\Workspace\Git\advent-of-code\lib\core\include\Core\IPuzzleBase.hpp">
      <Filter>Header Files</Filter>
    </ClInclude>
    <ClInclude Include="F:\Workspace\Git\advent-of-code\lib\core\include\Core\InitialisationInfo.hpp">
      <Filter>Header Files</Filter>
    </ClInclude>
    <ClInclude Include="F:\Workspace\Git\advent-of-code\lib\core\include\Core\Json.hpp">
      <Filter>Header Files</Filter>
    </ClInclude>
    <ClInclude Include="F:\Workspace\Git\advent-of-code\lib\core\include\Core\MD5.hpp">
      <Filter>Header Files</Filter>
    </ClInclude>
    <ClInclude Include="F:\Workspace\Git\advent-of-code\lib\core\include\Core\Mat4x4.hpp">
      <Filter>Header Files</Filter>
    </ClInclude>
    <ClInclude Include="F:\Workspace\Git\advent-of-code\lib\core\include\Core\Orientation.hpp">
      <Filter>Header Files</Filter>
    </ClInclude>
    <ClInclude Include="F:\Workspace\Git\advent-of-code\lib\core\include\Core\Pathfinding.hpp">
      <Filter>Header Files</Filter>
    </ClInclude>
    <ClInclude Include="F:\Workspace\Git\advent-of-code\lib\core\include\Core\PuzzleBase.hpp">
      <Filter>Header Files</Filter>
    </ClInclude>
    <ClInclude Include="F:\Workspace\Git\advent-of-code\lib\core\include\Core\PuzzleConstructor.hpp">
      <Filter>Header Files</Filter>
    </ClInclude>
    <ClInclude Include="F:\Workspace\Git\advent-of-code\lib\core\include\Core\Rect.hpp">
      <Filter>Header Files</Filter>
    </ClInclude>
    <ClInclude Include="F:\Workspace\Git\advent-of-code\lib\core\include\Core\Region.hpp">
      <Filter>Header Files</Filter>
    </ClInclude>
    <ClInclude Include="F:\Workspace\Git\advent-of-code\lib\core\include\Core\Signal.hpp">
      <Filter>Header Files</Filter>
    </ClInclude>
    <ClInclude Include="F:\Workspace\Git\advent-of-code\lib\core\include\Core\States.hpp">
      <Filter>Header Files</Filter>
    </ClInclude>
    <ClInclude Include="F:\Workspace\Git\advent-of-code\lib\core\include\Core\StringExtensions.hpp">
      <Filter>Header Files</Filter>
    </ClInclude>
    <ClInclude Include="F:\Workspace\Git\advent-of-code\lib\core\include\Core\Vector2.hpp">
      <Filter>Header Files</Filter>
    </ClInclude>
    <ClInclude Include="F:\Workspace\Git\advent-of-code\lib\core\include\Core\Vector3.hpp">
      <Filter>Header Files</Filter>
    </ClInclude>
    <ClInclude Include="F:\Workspace\Git\advent-of-code\lib\core\include\Core\Vector4.hpp">
      <Filter>Header Files</Filter>
    </ClInclude>
    <ClInclude Include="F:\Workspace\Git\advent-of-code\lib\core\include\Core\VectorMath.hpp">
      <Filter>Header Files</Filter>
    </ClInclude>
    <ClInclude Include="F:\Workspace\Git\advent-of-code\lib\core\include\Core\Rect.inl">
      <Filter>Header Files</Filter>
    </ClInclude>
    <ClInclude Include="F:\Workspace\Git\advent-of-code\lib\core\include\Core\VectorMath.inl">
      <Filter>Header Files</Filter>
    </ClInclude>
  </ItemGroup>
  <ItemGroup>
    <CustomBuild Include="F:\Workspace\Git\advent-of-code\lib\core\CMakeLists.txt" />
  </ItemGroup>
  <ItemGroup>
    <Filter Include="Header Files">
      <UniqueIdentifier>{F685B2B7-25DB-3045-A2CD-189B677D42CC}</UniqueIdentifier>
    </Filter>
    <Filter Include="Source Files">
      <UniqueIdentifier>{DBF8E259-7253-3B3A-9866-2282AB596320}</UniqueIdentifier>
    </Filter>
  </ItemGroup>
</Project>
